
Microsoft Visual Studio Solution File, Format Version 12.00
# Visual Studio Version 16
VisualStudioVersion = 16.0.30114.105
MinimumVisualStudioVersion = 10.0.40219.1
Project("{FAE04EC0-301F-11D3-BF4B-00C04F79EFBC}") = "Proyecto_Final", "Proyecto_Final.csproj", "{54118DE4-2F3D-4B17-9DD1-088D645185FF}"
EndProject
Global
	GlobalSection(SolutionConfigurationPlatforms) = preSolution
		Debug|Any CPU = Debug|Any CPU
		Release|Any CPU = Release|Any CPU
	EndGlobalSection
	GlobalSection(ProjectConfigurationPlatforms) = postSolution
		{54118DE4-2F3D-4B17-9DD1-088D645185FF}.Debug|Any CPU.ActiveCfg = Debug|Any CPU
		{54118DE4-2F3D-4B17-9DD1-088D645185FF}.Debug|Any CPU.Build.0 = Debug|Any CPU
		{54118DE4-2F3D-4B17-9DD1-088D645185FF}.Release|Any CPU.ActiveCfg = Release|Any CPU
		{54118DE4-2F3D-4B17-9DD1-088D645185FF}.Release|Any CPU.Build.0 = Release|Any CPU
	EndGlobalSection
	GlobalSection(SolutionProperties) = preSolution
		HideSolutionNode = FALSE
	EndGlobalSection
	GlobalSection(ExtensibilityGlobals) = postSolution
		SolutionGuid = {0E9AC5AB-D7EA-4CD5-97E9-A374C7EBD791}
	EndGlobalSection
EndGlobal
